<?xml version="1.0" encoding="utf-8"?>
<Project ToolsVersion="4.0" xmlns="http://schemas.microsoft.com/developer/msbuild/2003">
  <ItemGroup>
    <Filter Include="源文件">
      <UniqueIdentifier>{4FC737F1-C7A5-4376-A066-2A32D752A2FF}</UniqueIdentifier>
      <Extensions>cpp;c;cc;cxx;c++;cppm;ixx;def;odl;idl;hpj;bat;asm;asmx</Extensions>
    </Filter>
    <Filter Include="头文件">
      <UniqueIdentifier>{93995380-89BD-4b04-88EB-625FBE52EBFB}</UniqueIdentifier>
      <Extensions>h;hh;hpp;hxx;h++;hm;inl;inc;ipp;xsd</Extensions>
    </Filter>
    <Filter Include="资源文件">
      <UniqueIdentifier>{67DA6AB6-F800-4c08-8B7A-83BB121AAD01}</UniqueIdentifier>
      <Extensions>rc;ico;cur;bmp;dlg;rc2;rct;bin;rgs;gif;jpg;jpeg;jpe;resx;tiff;tif;png;wav;mfcribbon-ms</Extensions>
    </Filter>
  </ItemGroup>
  <ItemGroup>
    <ClCompile Include="全局区.cpp">
      <Filter>源文件</Filter>
    </ClCompile>
    <ClCompile Include="栈区.cpp">
      <Filter>源文件</Filter>
    </ClCompile>
    <ClCompile Include="堆区.cpp">
      <Filter>源文件</Filter>
    </ClCompile>
    <ClCompile Include="new运算符.cpp">
      <Filter>源文件</Filter>
    </ClCompile>
    <ClCompile Include="引用的基本语法.cpp">
      <Filter>源文件</Filter>
    </ClCompile>
    <ClCompile Include="引用的注意事项.cpp">
      <Filter>源文件</Filter>
    </ClCompile>
    <ClCompile Include="引用做函数参数.cpp">
      <Filter>源文件</Filter>
    </ClCompile>
    <ClCompile Include="引用做函数返回值.cpp">
      <Filter>源文件</Filter>
    </ClCompile>
    <ClCompile Include="引用的本质.cpp">
      <Filter>源文件</Filter>
    </ClCompile>
    <ClCompile Include="常量引用.cpp">
      <Filter>源文件</Filter>
    </ClCompile>
    <ClCompile Include="函数默认参数.cpp">
      <Filter>源文件</Filter>
    </ClCompile>
    <ClCompile Include="函数占位参数.cpp">
      <Filter>源文件</Filter>
    </ClCompile>
    <ClCompile Include="函数重载.cpp">
      <Filter>源文件</Filter>
    </ClCompile>
    <ClCompile Include="函数重载的注意事项.cpp">
      <Filter>源文件</Filter>
    </ClCompile>
    <ClCompile Include="封装的意义.cpp">
      <Filter>源文件</Filter>
    </ClCompile>
    <ClCompile Include="学生类举例.cpp">
      <Filter>源文件</Filter>
    </ClCompile>
    <ClCompile Include="访问权限.cpp">
      <Filter>源文件</Filter>
    </ClCompile>
    <ClCompile Include="封装struct和class区别.cpp">
      <Filter>源文件</Filter>
    </ClCompile>
    <ClCompile Include="封装-成员属性设置为私有.cpp">
      <Filter>源文件</Filter>
    </ClCompile>
    <ClCompile Include="封装-案例1-设计立方体类.cpp">
      <Filter>源文件</Filter>
    </ClCompile>
    <ClCompile Include="构造函数和析构函数.cpp">
      <Filter>源文件</Filter>
    </ClCompile>
    <ClCompile Include="构造函数的分类及调用.cpp">
      <Filter>源文件</Filter>
    </ClCompile>
    <ClCompile Include="拷贝构造函数调用时机.cpp">
      <Filter>源文件</Filter>
    </ClCompile>
  </ItemGroup>
</Project>