<?xml version="1.0" encoding="utf-8"?>
<Project ToolsVersion="4.0" xmlns="http://schemas.microsoft.com/developer/msbuild/2003">
  <ItemGroup>
    <Filter Include="源文件">
      <UniqueIdentifier>{4FC737F1-C7A5-4376-A066-2A32D752A2FF}</UniqueIdentifier>
      <Extensions>cpp;c;cc;cxx;c++;cppm;ixx;def;odl;idl;hpj;bat;asm;asmx</Extensions>
    </Filter>
    <Filter Include="头文件">
      <UniqueIdentifier>{93995380-89BD-4b04-88EB-625FBE52EBFB}</UniqueIdentifier>
      <Extensions>h;hh;hpp;hxx;h++;hm;inl;inc;ipp;xsd</Extensions>
    </Filter>
    <Filter Include="资源文件">
      <UniqueIdentifier>{67DA6AB6-F800-4c08-8B7A-83BB121AAD01}</UniqueIdentifier>
      <Extensions>rc;ico;cur;bmp;dlg;rc2;rct;bin;rgs;gif;jpg;jpeg;jpe;resx;tiff;tif;png;wav;mfcribbon-ms</Extensions>
    </Filter>
  </ItemGroup>
  <ItemGroup>
    <ClCompile Include="全局区.cpp">
      <Filter>源文件</Filter>
    </ClCompile>
    <ClCompile Include="栈区.cpp">
      <Filter>源文件</Filter>
    </ClCompile>
    <ClCompile Include="堆区.cpp">
      <Filter>源文件</Filter>
    </ClCompile>
    <ClCompile Include="new运算符.cpp">
      <Filter>源文件</Filter>
    </ClCompile>
    <ClCompile Include="引用的基本语法.cpp">
      <Filter>源文件</Filter>
    </ClCompile>
    <ClCompile Include="引用的注意事项.cpp">
      <Filter>源文件</Filter>
    </ClCompile>
    <ClCompile Include="引用做函数参数.cpp">
      <Filter>源文件</Filter>
    </ClCompile>
    <ClCompile Include="引用做函数返回值.cpp">
      <Filter>源文件</Filter>
    </ClCompile>
    <ClCompile Include="引用的本质.cpp">
      <Filter>源文件</Filter>
    </ClCompile>
    <ClCompile Include="常量引用.cpp">
      <Filter>源文件</Filter>
    </ClCompile>
    <ClCompile Include="函数默认参数.cpp">
      <Filter>源文件</Filter>
    </ClCompile>
    <ClCompile Include="函数占位参数.cpp">
      <Filter>源文件</Filter>
    </ClCompile>
    <ClCompile Include="函数重载.cpp">
      <Filter>源文件</Filter>
    </ClCompile>
    <ClCompile Include="函数重载的注意事项.cpp">
      <Filter>源文件</Filter>
    </ClCompile>
    <ClCompile Include="封装的意义.cpp">
      <Filter>源文件</Filter>
    </ClCompile>
    <ClCompile Include="学生类举例.cpp">
      <Filter>源文件</Filter>
    </ClCompile>
    <ClCompile Include="访问权限.cpp">
      <Filter>源文件</Filter>
    </ClCompile>
    <ClCompile Include="封装struct和class区别.cpp">
      <Filter>源文件</Filter>
    </ClCompile>
    <ClCompile Include="封装-成员属性设置为私有.cpp">
      <Filter>源文件</Filter>
    </ClCompile>
    <ClCompile Include="封装-案例1-设计立方体类.cpp">
      <Filter>源文件</Filter>
    </ClCompile>
    <ClCompile Include="构造函数和析构函数.cpp">
      <Filter>源文件</Filter>
    </ClCompile>
    <ClCompile Include="构造函数的分类及调用.cpp">
      <Filter>源文件</Filter>
    </ClCompile>
    <ClCompile Include="拷贝构造函数调用时机.cpp">
      <Filter>源文件</Filter>
    </ClCompile>
    <ClCompile Include="构造函数的调用规则.cpp">
      <Filter>源文件</Filter>
    </ClCompile>
    <ClCompile Include="深拷贝与浅拷贝.cpp">
      <Filter>源文件</Filter>
    </ClCompile>
    <ClCompile Include="初始化列表.cpp">
      <Filter>源文件</Filter>
    </ClCompile>
    <ClCompile Include="类对象作为类成员.cpp">
      <Filter>源文件</Filter>
    </ClCompile>
    <ClCompile Include="静态成员.cpp">
      <Filter>源文件</Filter>
    </ClCompile>
    <ClCompile Include="成员变量和成员函数分开存储.cpp">
      <Filter>源文件</Filter>
    </ClCompile>
    <ClCompile Include="this指针概念.cpp">
      <Filter>源文件</Filter>
    </ClCompile>
    <ClCompile Include="空指针访问成员函数.cpp">
      <Filter>源文件</Filter>
    </ClCompile>
    <ClCompile Include="const修饰成员函数.cpp">
      <Filter>源文件</Filter>
    </ClCompile>
    <ClCompile Include="友元.cpp">
      <Filter>源文件</Filter>
    </ClCompile>
    <ClCompile Include="类做友元.cpp">
      <Filter>源文件</Filter>
    </ClCompile>
    <ClCompile Include="成员函数做友元.cpp">
      <Filter>源文件</Filter>
    </ClCompile>
    <ClCompile Include="加号运算符重载.cpp">
      <Filter>源文件</Filter>
    </ClCompile>
    <ClCompile Include="左移运算符重载.cpp">
      <Filter>源文件</Filter>
    </ClCompile>
    <ClCompile Include="递增运算符重载.cpp">
      <Filter>源文件</Filter>
    </ClCompile>
    <ClCompile Include="赋值运算符重载.cpp">
      <Filter>源文件</Filter>
    </ClCompile>
    <ClCompile Include="关系运算符重载.cpp">
      <Filter>源文件</Filter>
    </ClCompile>
    <ClCompile Include="函数调用运算符重载.cpp">
      <Filter>源文件</Filter>
    </ClCompile>
    <ClCompile Include="递减运算符重载.cpp">
      <Filter>源文件</Filter>
    </ClCompile>
    <ClCompile Include="继承的基本语法.cpp">
      <Filter>源文件</Filter>
    </ClCompile>
    <ClCompile Include="继承方式.cpp">
      <Filter>源文件</Filter>
    </ClCompile>
    <ClCompile Include="继承中的对象模型.cpp">
      <Filter>源文件</Filter>
    </ClCompile>
    <ClCompile Include="继承中构造和析构顺序.cpp">
      <Filter>源文件</Filter>
    </ClCompile>
    <ClCompile Include="继承同名成员处理方式.cpp">
      <Filter>源文件</Filter>
    </ClCompile>
    <ClCompile Include="继承同名静态成员处理方式.cpp">
      <Filter>源文件</Filter>
    </ClCompile>
    <ClCompile Include="多继承语法.cpp">
      <Filter>源文件</Filter>
    </ClCompile>
    <ClCompile Include="菱形继承.cpp">
      <Filter>源文件</Filter>
    </ClCompile>
    <ClCompile Include="多态的基本概念.cpp">
      <Filter>源文件</Filter>
    </ClCompile>
    <ClCompile Include="多态案例1计算器类.cpp">
      <Filter>源文件</Filter>
    </ClCompile>
    <ClCompile Include="纯虚函数和抽象类.cpp">
      <Filter>源文件</Filter>
    </ClCompile>
    <ClCompile Include="多态案例二：制作饮品.cpp">
      <Filter>源文件</Filter>
    </ClCompile>
    <ClCompile Include="虚析构和纯虚析构.cpp">
      <Filter>源文件</Filter>
    </ClCompile>
    <ClCompile Include="多态案例三：电脑组装.cpp">
      <Filter>源文件</Filter>
    </ClCompile>
    <ClCompile Include="写文件.cpp">
      <Filter>源文件</Filter>
    </ClCompile>
    <ClCompile Include="读文件.cpp">
      <Filter>源文件</Filter>
    </ClCompile>
    <ClCompile Include="二进制写文件.cpp">
      <Filter>源文件</Filter>
    </ClCompile>
    <ClCompile Include="二进制读文件.cpp">
      <Filter>源文件</Filter>
    </ClCompile>
  </ItemGroup>
</Project>