<?xml version="1.0" encoding="utf-8"?>
<Project ToolsVersion="4.0" xmlns="http://schemas.microsoft.com/developer/msbuild/2003">
  <ItemGroup>
    <Filter Include="源文件">
      <UniqueIdentifier>{4FC737F1-C7A5-4376-A066-2A32D752A2FF}</UniqueIdentifier>
      <Extensions>cpp;c;cc;cxx;c++;cppm;ixx;def;odl;idl;hpj;bat;asm;asmx</Extensions>
    </Filter>
    <Filter Include="头文件">
      <UniqueIdentifier>{93995380-89BD-4b04-88EB-625FBE52EBFB}</UniqueIdentifier>
      <Extensions>h;hh;hpp;hxx;h++;hm;inl;inc;ipp;xsd</Extensions>
    </Filter>
    <Filter Include="资源文件">
      <UniqueIdentifier>{67DA6AB6-F800-4c08-8B7A-83BB121AAD01}</UniqueIdentifier>
      <Extensions>rc;ico;cur;bmp;dlg;rc2;rct;bin;rgs;gif;jpg;jpeg;jpe;resx;tiff;tif;png;wav;mfcribbon-ms</Extensions>
    </Filter>
  </ItemGroup>
  <ItemGroup>
    <ClCompile Include="函数模板语法.cpp">
      <Filter>源文件</Filter>
    </ClCompile>
    <ClCompile Include="函数模板注意事项.cpp">
      <Filter>源文件</Filter>
    </ClCompile>
    <ClCompile Include="函数模板案例.cpp">
      <Filter>源文件</Filter>
    </ClCompile>
    <ClCompile Include="普通函数与模板函数的区别.cpp">
      <Filter>源文件</Filter>
    </ClCompile>
    <ClCompile Include="普通函数与函数模板的调用规则.cpp">
      <Filter>源文件</Filter>
    </ClCompile>
    <ClCompile Include="模板的局限性.cpp">
      <Filter>源文件</Filter>
    </ClCompile>
    <ClCompile Include="类模板语法.cpp">
      <Filter>源文件</Filter>
    </ClCompile>
    <ClCompile Include="类模板和函数模板区别.cpp">
      <Filter>源文件</Filter>
    </ClCompile>
    <ClCompile Include="类模板中的成员函数创建时机.cpp">
      <Filter>源文件</Filter>
    </ClCompile>
    <ClCompile Include="类模板参数做函数参数.cpp">
      <Filter>源文件</Filter>
    </ClCompile>
    <ClCompile Include="类模板与继承.cpp">
      <Filter>源文件</Filter>
    </ClCompile>
    <ClCompile Include="类模板成员函数类外实现.cpp">
      <Filter>源文件</Filter>
    </ClCompile>
    <ClCompile Include="类模板分文件编写.cpp">
      <Filter>源文件</Filter>
    </ClCompile>
    <ClCompile Include="person.cpp">
      <Filter>源文件</Filter>
    </ClCompile>
    <ClCompile Include="类模板与友元.cpp">
      <Filter>源文件</Filter>
    </ClCompile>
    <ClCompile Include="类模板案例.cpp">
      <Filter>源文件</Filter>
    </ClCompile>
    <ClCompile Include="vector存放内置数据类型.cpp">
      <Filter>源文件</Filter>
    </ClCompile>
    <ClCompile Include="Vector存放自定义数据类型.cpp">
      <Filter>源文件</Filter>
    </ClCompile>
    <ClCompile Include="Vector容器嵌套容器.cpp">
      <Filter>源文件</Filter>
    </ClCompile>
    <ClCompile Include="string基本概念.cpp">
      <Filter>源文件</Filter>
    </ClCompile>
    <ClCompile Include="string赋值操作.cpp">
      <Filter>源文件</Filter>
    </ClCompile>
    <ClCompile Include="string字符串拼接.cpp">
      <Filter>源文件</Filter>
    </ClCompile>
    <ClCompile Include="string查找和替换.cpp">
      <Filter>源文件</Filter>
    </ClCompile>
    <ClCompile Include="string字符串比较.cpp">
      <Filter>源文件</Filter>
    </ClCompile>
    <ClCompile Include="string字符存取.cpp">
      <Filter>源文件</Filter>
    </ClCompile>
    <ClCompile Include="string插入和删除.cpp">
      <Filter>源文件</Filter>
    </ClCompile>
    <ClCompile Include="string容器子串获取.cpp">
      <Filter>源文件</Filter>
    </ClCompile>
    <ClCompile Include="vector构造函数.cpp">
      <Filter>源文件</Filter>
    </ClCompile>
    <ClCompile Include="vector赋值操作.cpp">
      <Filter>源文件</Filter>
    </ClCompile>
    <ClCompile Include="vector容量和大小.cpp">
      <Filter>源文件</Filter>
    </ClCompile>
    <ClCompile Include="vector插入和删除.cpp">
      <Filter>源文件</Filter>
    </ClCompile>
    <ClCompile Include="vector数据存取.cpp">
      <Filter>源文件</Filter>
    </ClCompile>
    <ClCompile Include="vector互换容器.cpp">
      <Filter>源文件</Filter>
    </ClCompile>
    <ClCompile Include="vector预留空间.cpp">
      <Filter>源文件</Filter>
    </ClCompile>
    <ClCompile Include="deque构造函数.cpp">
      <Filter>源文件</Filter>
    </ClCompile>
    <ClCompile Include="deque赋值操作.cpp">
      <Filter>源文件</Filter>
    </ClCompile>
    <ClCompile Include="deque大小操作.cpp">
      <Filter>源文件</Filter>
    </ClCompile>
    <ClCompile Include="deque插入和删除.cpp">
      <Filter>源文件</Filter>
    </ClCompile>
    <ClCompile Include="deque数据存取.cpp">
      <Filter>源文件</Filter>
    </ClCompile>
    <ClCompile Include="deque排序.cpp">
      <Filter>源文件</Filter>
    </ClCompile>
    <ClCompile Include="STL案例1评委打分.cpp">
      <Filter>源文件</Filter>
    </ClCompile>
    <ClCompile Include="stack容器.cpp">
      <Filter>源文件</Filter>
    </ClCompile>
    <ClCompile Include="queue常用接口.cpp">
      <Filter>源文件</Filter>
    </ClCompile>
    <ClCompile Include="list构造函数.cpp">
      <Filter>源文件</Filter>
    </ClCompile>
    <ClCompile Include="list赋值和交换.cpp">
      <Filter>源文件</Filter>
    </ClCompile>
    <ClCompile Include="list大小操作.cpp">
      <Filter>源文件</Filter>
    </ClCompile>
    <ClCompile Include="list插入和删除.cpp">
      <Filter>源文件</Filter>
    </ClCompile>
    <ClCompile Include="list数据存取.cpp">
      <Filter>源文件</Filter>
    </ClCompile>
    <ClCompile Include="list反转和排序.cpp">
      <Filter>源文件</Filter>
    </ClCompile>
    <ClCompile Include="list排序案例.cpp">
      <Filter>源文件</Filter>
    </ClCompile>
    <ClCompile Include="set插入和删除.cpp">
      <Filter>源文件</Filter>
    </ClCompile>
    <ClCompile Include="set大小和交换.cpp">
      <Filter>源文件</Filter>
    </ClCompile>
    <ClCompile Include="set的构造与赋值.cpp">
      <Filter>源文件</Filter>
    </ClCompile>
    <ClCompile Include="set查找和统计.cpp">
      <Filter>源文件</Filter>
    </ClCompile>
    <ClCompile Include="set和multiset区别.cpp">
      <Filter>源文件</Filter>
    </ClCompile>
    <ClCompile Include="pair对组创建.cpp">
      <Filter>源文件</Filter>
    </ClCompile>
    <ClCompile Include="set容器排序.cpp">
      <Filter>源文件</Filter>
    </ClCompile>
    <ClCompile Include="set存放自定义数据类型排序规则.cpp">
      <Filter>源文件</Filter>
    </ClCompile>
    <ClCompile Include="map构造和赋值.cpp">
      <Filter>源文件</Filter>
    </ClCompile>
    <ClCompile Include="map大小和交换.cpp">
      <Filter>源文件</Filter>
    </ClCompile>
    <ClCompile Include="map插入和删除.cpp">
      <Filter>源文件</Filter>
    </ClCompile>
    <ClCompile Include="map查找和统计.cpp">
      <Filter>源文件</Filter>
    </ClCompile>
    <ClCompile Include="map容器排序.cpp">
      <Filter>源文件</Filter>
    </ClCompile>
    <ClCompile Include="STL案例2员工分组.cpp">
      <Filter>源文件</Filter>
    </ClCompile>
    <ClCompile Include="函数对象的基本使用.cpp">
      <Filter>源文件</Filter>
    </ClCompile>
    <ClCompile Include="一元谓词.cpp">
      <Filter>源文件</Filter>
    </ClCompile>
    <ClCompile Include="二元谓词.cpp">
      <Filter>源文件</Filter>
    </ClCompile>
    <ClCompile Include="算术仿函数.cpp">
      <Filter>源文件</Filter>
    </ClCompile>
    <ClCompile Include="关系仿函数.cpp">
      <Filter>源文件</Filter>
    </ClCompile>
    <ClCompile Include="逻辑仿函数.cpp">
      <Filter>源文件</Filter>
    </ClCompile>
    <ClCompile Include="常用遍历算法_for_each.cpp">
      <Filter>源文件</Filter>
    </ClCompile>
    <ClCompile Include="常用遍历算法_transform.cpp">
      <Filter>源文件</Filter>
    </ClCompile>
    <ClCompile Include="常用查找算法_find.cpp">
      <Filter>源文件</Filter>
    </ClCompile>
    <ClCompile Include="常用查找算法_find_if.cpp">
      <Filter>源文件</Filter>
    </ClCompile>
    <ClCompile Include="常用查找算法_adjacent_find.cpp">
      <Filter>源文件</Filter>
    </ClCompile>
    <ClCompile Include="常用查找算法_binary_search.cpp">
      <Filter>源文件</Filter>
    </ClCompile>
    <ClCompile Include="常用查找算法_count.cpp">
      <Filter>源文件</Filter>
    </ClCompile>
    <ClCompile Include="常用查找算法_count_if.cpp">
      <Filter>源文件</Filter>
    </ClCompile>
    <ClCompile Include="常用排序算法_sort.cpp">
      <Filter>源文件</Filter>
    </ClCompile>
    <ClCompile Include="常用排序算法_random_shuff.cpp">
      <Filter>源文件</Filter>
    </ClCompile>
    <ClCompile Include="常用排序算法_merge.cpp">
      <Filter>源文件</Filter>
    </ClCompile>
    <ClCompile Include="常用排序算法_reverse.cpp">
      <Filter>源文件</Filter>
    </ClCompile>
    <ClCompile Include="常用拷贝和替换算法_copy.cpp">
      <Filter>源文件</Filter>
    </ClCompile>
    <ClCompile Include="常用拷贝和构造算法_replace.cpp">
      <Filter>源文件</Filter>
    </ClCompile>
    <ClCompile Include="常用拷贝和替换算法_replace_if.cpp">
      <Filter>源文件</Filter>
    </ClCompile>
    <ClCompile Include="常用拷贝和替换算法_swap.cpp">
      <Filter>源文件</Filter>
    </ClCompile>
    <ClCompile Include="常用算术生成算法_accumulate.cpp">
      <Filter>源文件</Filter>
    </ClCompile>
    <ClCompile Include="常用算术生成算法_fill.cpp">
      <Filter>源文件</Filter>
    </ClCompile>
    <ClCompile Include="常用集合算法_set_intersection.cpp">
      <Filter>源文件</Filter>
    </ClCompile>
    <ClCompile Include="常用集合算法_set_union.cpp">
      <Filter>源文件</Filter>
    </ClCompile>
    <ClCompile Include="常用集合算法_set_difference.cpp">
      <Filter>源文件</Filter>
    </ClCompile>
  </ItemGroup>
  <ItemGroup>
    <ClInclude Include="person.hpp">
      <Filter>头文件</Filter>
    </ClInclude>
    <ClInclude Include="myArray.hpp">
      <Filter>头文件</Filter>
    </ClInclude>
  </ItemGroup>
</Project>