<?xml version="1.0" encoding="utf-8"?>
<Project ToolsVersion="4.0" xmlns="http://schemas.microsoft.com/developer/msbuild/2003">
  <ItemGroup>
    <Filter Include="源文件">
      <UniqueIdentifier>{4FC737F1-C7A5-4376-A066-2A32D752A2FF}</UniqueIdentifier>
      <Extensions>cpp;c;cc;cxx;c++;cppm;ixx;def;odl;idl;hpj;bat;asm;asmx</Extensions>
    </Filter>
    <Filter Include="头文件">
      <UniqueIdentifier>{93995380-89BD-4b04-88EB-625FBE52EBFB}</UniqueIdentifier>
      <Extensions>h;hh;hpp;hxx;h++;hm;inl;inc;ipp;xsd</Extensions>
    </Filter>
    <Filter Include="资源文件">
      <UniqueIdentifier>{67DA6AB6-F800-4c08-8B7A-83BB121AAD01}</UniqueIdentifier>
      <Extensions>rc;ico;cur;bmp;dlg;rc2;rct;bin;rgs;gif;jpg;jpeg;jpe;resx;tiff;tif;png;wav;mfcribbon-ms</Extensions>
    </Filter>
  </ItemGroup>
  <ItemGroup>
    <ClCompile Include="函数模板语法.cpp">
      <Filter>源文件</Filter>
    </ClCompile>
    <ClCompile Include="函数模板注意事项.cpp">
      <Filter>源文件</Filter>
    </ClCompile>
    <ClCompile Include="函数模板案例.cpp">
      <Filter>源文件</Filter>
    </ClCompile>
    <ClCompile Include="普通函数与模板函数的区别.cpp">
      <Filter>源文件</Filter>
    </ClCompile>
    <ClCompile Include="普通函数与函数模板的调用规则.cpp">
      <Filter>源文件</Filter>
    </ClCompile>
    <ClCompile Include="模板的局限性.cpp">
      <Filter>源文件</Filter>
    </ClCompile>
    <ClCompile Include="类模板语法.cpp">
      <Filter>源文件</Filter>
    </ClCompile>
    <ClCompile Include="类模板和函数模板区别.cpp">
      <Filter>源文件</Filter>
    </ClCompile>
    <ClCompile Include="类模板中的成员函数创建时机.cpp">
      <Filter>源文件</Filter>
    </ClCompile>
    <ClCompile Include="类模板参数做函数参数.cpp">
      <Filter>源文件</Filter>
    </ClCompile>
    <ClCompile Include="类模板与继承.cpp">
      <Filter>源文件</Filter>
    </ClCompile>
    <ClCompile Include="类模板成员函数类外实现.cpp">
      <Filter>源文件</Filter>
    </ClCompile>
    <ClCompile Include="类模板分文件编写.cpp">
      <Filter>源文件</Filter>
    </ClCompile>
    <ClCompile Include="person.cpp">
      <Filter>源文件</Filter>
    </ClCompile>
    <ClCompile Include="类模板与友元.cpp">
      <Filter>源文件</Filter>
    </ClCompile>
    <ClCompile Include="类模板案例.cpp">
      <Filter>源文件</Filter>
    </ClCompile>
    <ClCompile Include="vector存放内置数据类型.cpp">
      <Filter>源文件</Filter>
    </ClCompile>
    <ClCompile Include="Vector存放自定义数据类型.cpp">
      <Filter>源文件</Filter>
    </ClCompile>
    <ClCompile Include="Vector容器嵌套容器.cpp">
      <Filter>源文件</Filter>
    </ClCompile>
    <ClCompile Include="string基本概念.cpp">
      <Filter>源文件</Filter>
    </ClCompile>
    <ClCompile Include="string赋值操作.cpp">
      <Filter>源文件</Filter>
    </ClCompile>
    <ClCompile Include="string字符串拼接.cpp">
      <Filter>源文件</Filter>
    </ClCompile>
    <ClCompile Include="string查找和替换.cpp">
      <Filter>源文件</Filter>
    </ClCompile>
    <ClCompile Include="string字符串比较.cpp">
      <Filter>源文件</Filter>
    </ClCompile>
    <ClCompile Include="string字符存取.cpp">
      <Filter>源文件</Filter>
    </ClCompile>
    <ClCompile Include="string插入和删除.cpp">
      <Filter>源文件</Filter>
    </ClCompile>
    <ClCompile Include="string容器子串获取.cpp">
      <Filter>源文件</Filter>
    </ClCompile>
    <ClCompile Include="vector构造函数.cpp">
      <Filter>源文件</Filter>
    </ClCompile>
    <ClCompile Include="vector赋值操作.cpp">
      <Filter>源文件</Filter>
    </ClCompile>
    <ClCompile Include="vector容量和大小.cpp">
      <Filter>源文件</Filter>
    </ClCompile>
    <ClCompile Include="vector插入和删除.cpp">
      <Filter>源文件</Filter>
    </ClCompile>
    <ClCompile Include="vector数据存取.cpp">
      <Filter>源文件</Filter>
    </ClCompile>
    <ClCompile Include="vector互换容器.cpp">
      <Filter>源文件</Filter>
    </ClCompile>
    <ClCompile Include="vector预留空间.cpp">
      <Filter>源文件</Filter>
    </ClCompile>
  </ItemGroup>
  <ItemGroup>
    <ClInclude Include="person.hpp">
      <Filter>头文件</Filter>
    </ClInclude>
    <ClInclude Include="myArray.hpp">
      <Filter>头文件</Filter>
    </ClInclude>
  </ItemGroup>
</Project>